
Microsoft Visual Studio Solution File, Format Version 12.00
# Visual Studio Version 17
VisualStudioVersion = 17.4.33213.308
MinimumVisualStudioVersion = 10.0.40219.1
Project("{FAE04EC0-301F-11D3-BF4B-00C04F79EFBC}") = "SilverCart", "SilverCart\SilverCart.csproj", "{94B810FB-5B5A-4A4A-80DF-77145F78026B}"
EndProject
Global
	GlobalSection(SolutionConfigurationPlatforms) = preSolution
		Debug|Any CPU = Debug|Any CPU
		Release|Any CPU = Release|Any CPU
	EndGlobalSection
	GlobalSection(ProjectConfigurationPlatforms) = postSolution
		{94B810FB-5B5A-4A4A-80DF-77145F78026B}.Debug|Any CPU.ActiveCfg = Debug|Any CPU
		{94B810FB-5B5A-4A4A-80DF-77145F78026B}.Debug|Any CPU.Build.0 = Debug|Any CPU
		{94B810FB-5B5A-4A4A-80DF-77145F78026B}.Release|Any CPU.ActiveCfg = Release|Any CPU
		{94B810FB-5B5A-4A4A-80DF-77145F78026B}.Release|Any CPU.Build.0 = Release|Any CPU
	EndGlobalSection
	GlobalSection(SolutionProperties) = preSolution
		HideSolutionNode = FALSE
	EndGlobalSection
	GlobalSection(ExtensibilityGlobals) = postSolution
		SolutionGuid = {AD991E2F-9AE7-48CD-83DA-821BF873D361}
	EndGlobalSection
EndGlobal
